// !$*UTF8*$!
{
	archiveVersion = 1;
	classes = {
	};
	objectVersion = 46;
	objects = {

/* Begin PBXBuildFile section */
		F7F2EE8F1E83CA8F00AEAF99 /* AppDelegate.swift in Sources */ = {isa = PBXBuildFile; fileRef = F7F2EE8E1E83CA8F00AEAF99 /* AppDelegate.swift */; };
		F7F2EE911E83CA8F00AEAF99 /* ViewController.swift in Sources */ = {isa = PBXBuildFile; fileRef = F7F2EE901E83CA8F00AEAF99 /* ViewController.swift */; };
		F7F2EE941E83CA8F00AEAF99 /* Main.storyboard in Resources */ = {isa = PBXBuildFile; fileRef = F7F2EE921E83CA8F00AEAF99 /* Main.storyboard */; };
		F7F2EE961E83CA8F00AEAF99 /* Assets.xcassets in Resources */ = {isa = PBXBuildFile; fileRef = F7F2EE951E83CA8F00AEAF99 /* Assets.xcassets */; };
		F7F2EE991E83CA8F00AEAF99 /* LaunchScreen.storyboard in Resources */ = {isa = PBXBuildFile; fileRef = F7F2EE971E83CA8F00AEAF99 /* LaunchScreen.storyboard */; };
		F7F2EEA11E8406D900AEAF99 /* Minecraft.ttf in Resources */ = {isa = PBXBuildFile; fileRef = F7F2EEA01E8406D900AEAF99 /* Minecraft.ttf */; };
		F7F2EEA31E84082B00AEAF99 /* btn.wav in Resources */ = {isa = PBXBuildFile; fileRef = F7F2EEA21E84082B00AEAF99 /* btn.wav */; };
/* End PBXBuildFile section */

/* Begin PBXFileReference section */
		F7F2EE8B1E83CA8F00AEAF99 /* RetroCalculator.app */ = {isa = PBXFileReference; explicitFileType = wrapper.application; includeInIndex = 0; path = RetroCalculator.app; sourceTree = BUILT_PRODUCTS_DIR; };
		F7F2EE8E1E83CA8F00AEAF99 /* AppDelegate.swift */ = {isa = PBXFileReference; lastKnownFileType = sourcecode.swift; path = AppDelegate.swift; sourceTree = "<group>"; };
		F7F2EE901E83CA8F00AEAF99 /* ViewController.swift */ = {isa = PBXFileReference; lastKnownFileType = sourcecode.swift; path = ViewController.swift; sourceTree = "<group>"; };
		F7F2EE931E83CA8F00AEAF99 /* Base */ = {isa = PBXFileReference; lastKnownFileType = file.storyboard; name = Base; path = Base.lproj/Main.storyboard; sourceTree = "<group>"; };
		F7F2EE951E83CA8F00AEAF99 /* Assets.xcassets */ = {isa = PBXFileReference; lastKnownFileType = folder.assetcatalog; path = Assets.xcassets; sourceTree = "<group>"; };
		F7F2EE981E83CA8F00AEAF99 /* Base */ = {isa = PBXFileReference; lastKnownFileType = file.storyboard; name = Base; path = Base.lproj/LaunchScreen.storyboard; sourceTree = "<group>"; };
		F7F2EE9A1E83CA8F00AEAF99 /* Info.plist */ = {isa = PBXFileReference; lastKnownFileType = text.plist.xml; path = Info.plist; sourceTree = "<group>"; };
		F7F2EEA01E8406D900AEAF99 /* Minecraft.ttf */ = {isa = PBXFileReference; lastKnownFileType = file; name = Minecraft.ttf; path = ../Minecraft.ttf; sourceTree = "<group>"; };
		F7F2EEA21E84082B00AEAF99 /* btn.wav */ = {isa = PBXFileReference; lastKnownFileType = audio.wav; path = btn.wav; sourceTree = "<group>"; };
/* End PBXFileReference section */

/* Begin PBXFrameworksBuildPhase section */
		F7F2EE881E83CA8F00AEAF99 /* Frameworks */ = {
			isa = PBXFrameworksBuildPhase;
			buildActionMask = 2147483647;
			files = (
			);
			runOnlyForDeploymentPostprocessing = 0;
		};
/* End PBXFrameworksBuildPhase section */

/* Begin PBXGroup section */
		F7F2EE821E83CA8F00AEAF99 = {
			isa = PBXGroup;
			children = (
				F7F2EE8D1E83CA8F00AEAF99 /* RetroCalculator */,
				F7F2EE8C1E83CA8F00AEAF99 /* Products */,
			);
			sourceTree = "<group>";
		};
		F7F2EE8C1E83CA8F00AEAF99 /* Products */ = {
			isa = PBXGroup;
			children = (
				F7F2EE8B1E83CA8F00AEAF99 /* RetroCalculator.app */,
			);
			name = Products;
			sourceTree = "<group>";
		};
		F7F2EE8D1E83CA8F00AEAF99 /* RetroCalculator */ = {
			isa = PBXGroup;
			children = (
				F7F2EEA21E84082B00AEAF99 /* btn.wav */,
				F7F2EEA01E8406D900AEAF99 /* Minecraft.ttf */,
				F7F2EE8E1E83CA8F00AEAF99 /* AppDelegate.swift */,
				F7F2EE901E83CA8F00AEAF99 /* ViewController.swift */,
				F7F2EE921E83CA8F00AEAF99 /* Main.storyboard */,
				F7F2EE951E83CA8F00AEAF99 /* Assets.xcassets */,
				F7F2EE971E83CA8F00AEAF99 /* LaunchScreen.storyboard */,
				F7F2EE9A1E83CA8F00AEAF99 /* Info.plist */,
			);
			path = RetroCalculator;
			sourceTree = "<group>";
		};
/* End PBXGroup section */

/* Begin PBXNativeTarget section */
		F7F2EE8A1E83CA8F00AEAF99 /* RetroCalculator */ = {
			isa = PBXNativeTarget;
			buildConfigurationList = F7F2EE9D1E83CA8F00AEAF99 /* Build configuration list for PBXNativeTarget "RetroCalculator" */;
			buildPhases = (
				F7F2EE871E83CA8F00AEAF99 /* Sources */,
				F7F2EE881E83CA8F00AEAF99 /* Frameworks */,
				F7F2EE891E83CA8F00AEAF99 /* Resources */,
			);
			buildRules = (
			);
			dependencies = (
			);
			name = RetroCalculator;
			productName = RetroCalculator;
			productReference = F7F2EE8B1E83CA8F00AEAF99 /* RetroCalculator.app */;
			productType = "com.apple.product-type.application";
		};
/* End PBXNativeTarget section */

/* Begin PBXProject section */
		F7F2EE831E83CA8F00AEAF99 /* Project object */ = {
			isa = PBXProject;
			attributes = {
				LastSwiftUpdateCheck = 0830;
				LastUpgradeCheck = 0830;
				ORGANIZATIONNAME = "Piotr Piotrowski";
				TargetAttributes = {
					F7F2EE8A1E83CA8F00AEAF99 = {
						CreatedOnToolsVersion = 8.3;
						DevelopmentTeam = R4P7DA4C9R;
						ProvisioningStyle = Automatic;
					};
				};
			};
			buildConfigurationList = F7F2EE861E83CA8F00AEAF99 /* Build configuration list for PBXProject "RetroCalculator" */;
			compatibilityVersion = "Xcode 3.2";
			developmentRegion = English;
			hasScannedForEncodings = 0;
			knownRegions = (
				en,
				Base,
			);
			mainGroup = F7F2EE821E83CA8F00AEAF99;
			productRefGroup = F7F2EE8C1E83CA8F00AEAF99 /* Products */;
			projectDirPath = "";
			projectRoot = "";
			targets = (
				F7F2EE8A1E83CA8F00AEAF99 /* RetroCalculator */,
			);
		};
/* End PBXProject section */

/* Begin PBXResourcesBuildPhase section */
		F7F2EE891E83CA8F00AEAF99 /* Resources */ = {
			isa = PBXResourcesBuildPhase;
			buildActionMask = 2147483647;
			files = (
				F7F2EEA31E84082B00AEAF99 /* btn.wav in Resources */,
				F7F2EE991E83CA8F00AEAF99 /* LaunchScreen.storyboard in Resources */,
				F7F2EE961E83CA8F00AEAF99 /* Assets.xcassets in Resources */,
				F7F2EEA11E8406D900AEAF99 /* Minecraft.ttf in Resources */,
				F7F2EE941E83CA8F00AEAF99 /* Main.storyboard in Resources */,
			);
			runOnlyForDeploymentPostprocessing = 0;
		};
/* End PBXResourcesBuildPhase section */

/* Begin PBXSourcesBuildPhase section */
		F7F2EE871E83CA8F00AEAF99 /* Sources */ = {
			isa = PBXSourcesBuildPhase;
			buildActionMask = 2147483647;
			files = (
				F7F2EE911E83CA8F00AEAF99 /* ViewController.swift in Sources */,
				F7F2EE8F1E83CA8F00AEAF99 /* AppDelegate.swift in Sources */,
			);
			runOnlyForDeploymentPostprocessing = 0;
		};
/* End PBXSourcesBuildPhase section */

/* Begin PBXVariantGroup section */
		F7F2EE921E83CA8F00AEAF99 /* Main.storyboard */ = {
			isa = PBXVariantGroup;
			children = (
				F7F2EE931E83CA8F00AEAF99 /* Base */,
			);
			name = Main.storyboard;
			sourceTree = "<group>";
		};
		F7F2EE971E83CA8F00AEAF99 /* LaunchScreen.storyboard */ = {
			isa = PBXVariantGroup;
			children = (
				F7F2EE981E83CA8F00AEAF99 /* Base */,
			);
			name = LaunchScreen.storyboard;
			sourceTree = "<group>";
		};
/* End PBXVariantGroup section */

/* Begin XCBuildConfiguration section */
		F7F2EE9B1E83CA8F00AEAF99 /* Debug */ = {
			isa = XCBuildConfiguration;
			buildSettings = {
				ALWAYS_SEARCH_USER_PATHS = NO;
				CLANG_ANALYZER_NONNULL = YES;
				CLANG_ANALYZER_NUMBER_OBJECT_CONVERSION = YES_AGGRESSIVE;
				CLANG_CXX_LANGUAGE_STANDARD = "gnu++0x";
				CLANG_CXX_LIBRARY = "libc++";
				CLANG_ENABLE_MODULES = YES;
				CLANG_ENABLE_OBJC_ARC = YES;
				CLANG_WARN_BOOL_CONVERSION = YES;
				CLANG_WARN_CONSTANT_CONVERSION = YES;
				CLANG_WARN_DIRECT_OBJC_ISA_USAGE = YES_ERROR;
				CLANG_WARN_DOCUMENTATION_COMMENTS = YES;
				CLANG_WARN_EMPTY_BODY = YES;
				CLANG_WARN_ENUM_CONVERSION = YES;
				CLANG_WARN_INFINITE_RECURSION = YES;
				CLANG_WARN_INT_CONVERSION = YES;
				CLANG_WARN_OBJC_ROOT_CLASS = YES_ERROR;
				CLANG_WARN_SUSPICIOUS_MOVE = YES;
				CLANG_WARN_UNREACHABLE_CODE = YES;
				CLANG_WARN__DUPLICATE_METHOD_MATCH = YES;
				"CODE_SIGN_IDENTITY[sdk=iphoneos*]" = "iPhone Developer";
				COPY_PHASE_STRIP = NO;
				DEBUG_INFORMATION_FORMAT = dwarf;
				ENABLE_STRICT_OBJC_MSGSEND = YES;
				ENABLE_TESTABILITY = YES;
				GCC_C_LANGUAGE_STANDARD = gnu99;
				GCC_DYNAMIC_NO_PIC = NO;
				GCC_NO_COMMON_BLOCKS = YES;
				GCC_OPTIMIZATION_LEVEL = 0;
				GCC_PREPROCESSOR_DEFINITIONS = (
					"DEBUG=1",
					"$(inherited)",
				);
				GCC_WARN_64_TO_32_BIT_CONVERSION = YES;
				GCC_WARN_ABOUT_RETURN_TYPE = YES_ERROR;
				GCC_WARN_UNDECLARED_SELECTOR = YES;
				GCC_WARN_UNINITIALIZED_AUTOS = YES_AGGRESSIVE;
				GCC_WARN_UNUSED_FUNCTION = YES;
				GCC_WARN_UNUSED_VARIABLE = YES;
				IPHONEOS_DEPLOYMENT_TARGET = 10.3;
				MTL_ENABLE_DEBUG_INFO = YES;
				ONLY_ACTIVE_ARCH = YES;
				SDKROOT = iphoneos;
				SWIFT_ACTIVE_COMPILATION_CONDITIONS = DEBUG;
				SWIFT_OPTIMIZATION_LEVEL = "-Onone";
				TARGETED_DEVICE_FAMILY = "1,2";
			};
			name = Debug;
		};
		F7F2EE9C1E83CA8F00AEAF99 /* Release */ = {
			isa = XCBuildConfiguration;
			buildSettings = {
				ALWAYS_SEARCH_USER_PATHS = NO;
				CLANG_ANALYZER_NONNULL = YES;
				CLANG_ANALYZER_NUMBER_OBJECT_CONVERSION = YES_AGGRESSIVE;
				CLANG_CXX_LANGUAGE_STANDARD = "gnu++0x";
				CLANG_CXX_LIBRARY = "libc++";
				CLANG_ENABLE_MODULES = YES;
				CLANG_ENABLE_OBJC_ARC = YES;
				CLANG_WARN_BOOL_CONVERSION = YES;
				CLANG_WARN_CONSTANT_CONVERSION = YES;
				CLANG_WARN_DIRECT_OBJC_ISA_USAGE = YES_ERROR;
				CLANG_WARN_DOCUMENTATION_COMMENTS = YES;
				CLANG_WARN_EMPTY_BODY = YES;
				CLANG_WARN_ENUM_CONVERSION = YES;
				CLANG_WARN_INFINITE_RECURSION = YES;
				CLANG_WARN_INT_CONVERSION = YES;
				CLANG_WARN_OBJC_ROOT_CLASS = YES_ERROR;
				CLANG_WARN_SUSPICIOUS_MOVE = YES;
				CLANG_WARN_UNREACHABLE_CODE = YES;
				CLANG_WARN__DUPLICATE_METHOD_MATCH = YES;
				"CODE_SIGN_IDENTITY[sdk=iphoneos*]" = "iPhone Developer";
				COPY_PHASE_STRIP = NO;
				DEBUG_INFORMATION_FORMAT = "dwarf-with-dsym";
				ENABLE_NS_ASSERTIONS = NO;
				ENABLE_STRICT_OBJC_MSGSEND = YES;
				GCC_C_LANGUAGE_STANDARD = gnu99;
				GCC_NO_COMMON_BLOCKS = YES;
				GCC_WARN_64_TO_32_BIT_CONVERSION = YES;
				GCC_WARN_ABOUT_RETURN_TYPE = YES_ERROR;
				GCC_WARN_UNDECLARED_SELECTOR = YES;
				GCC_WARN_UNINITIALIZED_AUTOS = YES_AGGRESSIVE;
				GCC_WARN_UNUSED_FUNCTION = YES;
				GCC_WARN_UNUSED_VARIABLE = YES;
				IPHONEOS_DEPLOYMENT_TARGET = 10.3;
				MTL_ENABLE_DEBUG_INFO = NO;
				SDKROOT = iphoneos;
				SWIFT_OPTIMIZATION_LEVEL = "-Owholemodule";
				TARGETED_DEVICE_FAMILY = "1,2";
				VALIDATE_PRODUCT = YES;
			};
			name = Release;
		};
		F7F2EE9E1E83CA8F00AEAF99 /* Debug */ = {
			isa = XCBuildConfiguration;
			buildSettings = {
				ASSETCATALOG_COMPILER_APPICON_NAME = AppIcon;
				DEVELOPMENT_TEAM = R4P7DA4C9R;
				INFOPLIST_FILE = RetroCalculator/Info.plist;
				LD_RUNPATH_SEARCH_PATHS = "$(inherited) @executable_path/Frameworks";
				PRODUCT_BUNDLE_IDENTIFIER = com.piotrovski.ios.RetroCalculator;
				PRODUCT_NAME = "$(TARGET_NAME)";
				SWIFT_VERSION = 3.0;
			};
			name = Debug;
		};
		F7F2EE9F1E83CA8F00AEAF99 /* Release */ = {
			isa = XCBuildConfiguration;
			buildSettings = {
				ASSETCATALOG_COMPILER_APPICON_NAME = AppIcon;
				DEVELOPMENT_TEAM = R4P7DA4C9R;
				INFOPLIST_FILE = RetroCalculator/Info.plist;
				LD_RUNPATH_SEARCH_PATHS = "$(inherited) @executable_path/Frameworks";
				PRODUCT_BUNDLE_IDENTIFIER = com.piotrovski.ios.RetroCalculator;
				PRODUCT_NAME = "$(TARGET_NAME)";
				SWIFT_VERSION = 3.0;
			};
			name = Release;
		};
/* End XCBuildConfiguration section */

/* Begin XCConfigurationList section */
		F7F2EE861E83CA8F00AEAF99 /* Build configuration list for PBXProject "RetroCalculator" */ = {
			isa = XCConfigurationList;
			buildConfigurations = (
				F7F2EE9B1E83CA8F00AEAF99 /* Debug */,
				F7F2EE9C1E83CA8F00AEAF99 /* Release */,
			);
			defaultConfigurationIsVisible = 0;
			defaultConfigurationName = Release;
		};
		F7F2EE9D1E83CA8F00AEAF99 /* Build configuration list for PBXNativeTarget "RetroCalculator" */ = {
			isa = XCConfigurationList;
			buildConfigurations = (
				F7F2EE9E1E83CA8F00AEAF99 /* Debug */,
				F7F2EE9F1E83CA8F00AEAF99 /* Release */,
			);
			defaultConfigurationIsVisible = 0;
			defaultConfigurationName = Release;
		};
/* End XCConfigurationList section */
	};
	rootObject = F7F2EE831E83CA8F00AEAF99 /* Project object */;
}
